
Microsoft Visual Studio Solution File, Format Version 12.00
# Visual Studio Version 16
VisualStudioVersion = 16.0.30011.22
MinimumVisualStudioVersion = 10.0.40219.1
Project("{FAE04EC0-301F-11D3-BF4B-00C04F79EFBC}") = "EfCoreLike", "EfCoreLike\EfCoreLike.csproj", "{3F3B064F-C936-4C1A-81AF-C6EAA1C715C5}"
EndProject
Global
	GlobalSection(SolutionConfigurationPlatforms) = preSolution
		Debug|Any CPU = Debug|Any CPU
		Release|Any CPU = Release|Any CPU
	EndGlobalSection
	GlobalSection(ProjectConfigurationPlatforms) = postSolution
		{3F3B064F-C936-4C1A-81AF-C6EAA1C715C5}.Debug|Any CPU.ActiveCfg = Debug|Any CPU
		{3F3B064F-C936-4C1A-81AF-C6EAA1C715C5}.Debug|Any CPU.Build.0 = Debug|Any CPU
		{3F3B064F-C936-4C1A-81AF-C6EAA1C715C5}.Release|Any CPU.ActiveCfg = Release|Any CPU
		{3F3B064F-C936-4C1A-81AF-C6EAA1C715C5}.Release|Any CPU.Build.0 = Release|Any CPU
	EndGlobalSection
	GlobalSection(SolutionProperties) = preSolution
		HideSolutionNode = FALSE
	EndGlobalSection
	GlobalSection(ExtensibilityGlobals) = postSolution
		SolutionGuid = {092D19A5-D4F3-4CD2-86AE-8A1524D37952}
	EndGlobalSection
EndGlobal
